// !$*UTF8*$!
{
	archiveVersion = 1;
	classes = {};
	objectVersion = 77;
	objects = {
		A00000000000000000000001 = {isa = PBXBuildFile; fileRef = B00000000000000000000001; };
		A00000000000000000000002 = {isa = PBXBuildFile; fileRef = B00000000000000000000002; };
		A00000000000000000000003 = {isa = PBXBuildFile; fileRef = B00000000000000000000003; };
		A00000000000000000000004 = {isa = PBXBuildFile; fileRef = B00000000000000000000004; };
		A00000000000000000000005 = {isa = PBXBuildFile; fileRef = B00000000000000000000005; };
		A00000000000000000000006 = {isa = PBXBuildFile; fileRef = B00000000000000000000006; };
		A00000000000000000000007 = {isa = PBXBuildFile; fileRef = B00000000000000000000008; };
		A00000000000000000000008 = {isa = PBXBuildFile; fileRef = B00000000000000000000010; };
		A00000000000000000000009 = {isa = PBXBuildFile; fileRef = B00000000000000000000011; };
		A00000000000000000000010 = {isa = PBXBuildFile; fileRef = B00000000000000000000012; };
		B00000000000000000000001 = {isa = PBXFileReference; lastKnownFileType = sourcecode.swift; path = OpenIBKRApp.swift; sourceTree = "<group>"; };
		B00000000000000000000002 = {isa = PBXFileReference; lastKnownFileType = sourcecode.swift; path = ProtocolModels.swift; sourceTree = "<group>"; };
		B00000000000000000000003 = {isa = PBXFileReference; lastKnownFileType = sourcecode.swift; path = HelperClient.swift; sourceTree = "<group>"; };
		B00000000000000000000004 = {isa = PBXFileReference; lastKnownFileType = sourcecode.swift; path = AppModel.swift; sourceTree = "<group>"; };
		B00000000000000000000005 = {isa = PBXFileReference; lastKnownFileType = sourcecode.swift; path = DashboardView.swift; sourceTree = "<group>"; };
		B00000000000000000000006 = {isa = PBXFileReference; lastKnownFileType = sourcecode.swift; path = FloatingPanelController.swift; sourceTree = "<group>"; };
		B00000000000000000000007 = {isa = PBXFileReference; explicitFileType = wrapper.application; includeInIndex = 0; path = OpenIBKR.app; sourceTree = BUILT_PRODUCTS_DIR; };
		B00000000000000000000008 = {isa = PBXFileReference; lastKnownFileType = sourcecode.swift; path = ProtocolModelsTests.swift; sourceTree = "<group>"; };
		B00000000000000000000009 = {isa = PBXFileReference; explicitFileType = wrapper.cfbundle; includeInIndex = 0; path = OpenIBKRTests.xctest; sourceTree = BUILT_PRODUCTS_DIR; };
		B00000000000000000000010 = {isa = PBXFileReference; lastKnownFileType = sourcecode.swift; path = HelperProcessManager.swift; sourceTree = "<group>"; };
		B00000000000000000000011 = {isa = PBXFileReference; explicitFileType = "compiled.mach-o.executable"; path = "../packaging/dist/openibkr-helper"; sourceTree = "<group>"; };
		B00000000000000000000012 = {isa = PBXFileReference; lastKnownFileType = sourcecode.swift; path = AlpacaCredentialsStore.swift; sourceTree = "<group>"; };
		C00000000000000000000001 = {isa = PBXGroup; children = (C00000000000000000000002, C00000000000000000000004, B00000000000000000000011, C00000000000000000000003); sourceTree = "<group>"; };
		C00000000000000000000002 = {isa = PBXGroup; children = (B00000000000000000000001, B00000000000000000000002, B00000000000000000000003, B00000000000000000000010, B00000000000000000000012, B00000000000000000000004, B00000000000000000000005, B00000000000000000000006); path = OpenIBKR; sourceTree = "<group>"; };
		C00000000000000000000003 = {isa = PBXGroup; children = (B00000000000000000000007, B00000000000000000000009); name = Products; sourceTree = "<group>"; };
		C00000000000000000000004 = {isa = PBXGroup; children = (B00000000000000000000008); path = OpenIBKRTests; sourceTree = "<group>"; };
		D00000000000000000000001 = {isa = PBXFrameworksBuildPhase; buildActionMask = 2147483647; files = (); runOnlyForDeploymentPostprocessing = 0; };
		D00000000000000000000002 = {isa = PBXResourcesBuildPhase; buildActionMask = 2147483647; files = (); runOnlyForDeploymentPostprocessing = 0; };
		D00000000000000000000003 = {isa = PBXSourcesBuildPhase; buildActionMask = 2147483647; files = (A00000000000000000000001, A00000000000000000000002, A00000000000000000000003, A00000000000000000000008, A00000000000000000000010, A00000000000000000000004, A00000000000000000000005, A00000000000000000000006); runOnlyForDeploymentPostprocessing = 0; };
		D00000000000000000000004 = {isa = PBXSourcesBuildPhase; buildActionMask = 2147483647; files = (A00000000000000000000007); runOnlyForDeploymentPostprocessing = 0; };
		D00000000000000000000005 = {isa = PBXFrameworksBuildPhase; buildActionMask = 2147483647; files = (); runOnlyForDeploymentPostprocessing = 0; };
		D00000000000000000000006 = {isa = PBXResourcesBuildPhase; buildActionMask = 2147483647; files = (); runOnlyForDeploymentPostprocessing = 0; };
		D00000000000000000000007 = {isa = PBXCopyFilesBuildPhase; buildActionMask = 2147483647; dstPath = Contents/Helpers; dstSubfolderSpec = 1; files = (A00000000000000000000009); name = "Embed Helper"; runOnlyForDeploymentPostprocessing = 0; };
		E00000000000000000000001 = {isa = PBXNativeTarget; buildConfigurationList = H00000000000000000000002; buildPhases = (D00000000000000000000003, D00000000000000000000001, D00000000000000000000002, D00000000000000000000007); buildRules = (); dependencies = (); name = OpenIBKR; productName = OpenIBKR; productReference = B00000000000000000000007; productType = "com.apple.product-type.application"; };
		E00000000000000000000002 = {isa = PBXNativeTarget; buildConfigurationList = H00000000000000000000003; buildPhases = (D00000000000000000000004, D00000000000000000000005, D00000000000000000000006); buildRules = (); dependencies = (J00000000000000000000001); name = OpenIBKRTests; productName = OpenIBKRTests; productReference = B00000000000000000000009; productType = "com.apple.product-type.bundle.unit-test"; };
		F00000000000000000000001 = {isa = PBXProject; attributes = {BuildIndependentTargetsInParallel = 1; LastSwiftUpdateCheck = 2660; LastUpgradeCheck = 2660; TargetAttributes = {E00000000000000000000001 = {CreatedOnToolsVersion = 26.6; }; E00000000000000000000002 = {CreatedOnToolsVersion = 26.6; TestTargetID = E00000000000000000000001; }; }; }; buildConfigurationList = H00000000000000000000001; compatibilityVersion = "Xcode 16.0"; developmentRegion = en; hasScannedForEncodings = 0; knownRegions = (en, Base); mainGroup = C00000000000000000000001; productRefGroup = C00000000000000000000003; projectDirPath = ""; projectRoot = ""; targets = (E00000000000000000000001, E00000000000000000000002); };
		G00000000000000000000001 = {isa = XCBuildConfiguration; buildSettings = {ARCHS = arm64; CLANG_ENABLE_MODULES = YES; MACOSX_DEPLOYMENT_TARGET = 14.0; ONLY_ACTIVE_ARCH = YES; SDKROOT = macosx; SWIFT_ACTIVE_COMPILATION_CONDITIONS = "DEBUG $(inherited)"; SWIFT_OPTIMIZATION_LEVEL = "-Onone"; SWIFT_VERSION = 5.0; }; name = Debug; };
		G00000000000000000000002 = {isa = XCBuildConfiguration; buildSettings = {ARCHS = arm64; CLANG_ENABLE_MODULES = YES; MACOSX_DEPLOYMENT_TARGET = 14.0; ONLY_ACTIVE_ARCH = YES; SDKROOT = macosx; SWIFT_VERSION = 5.0; }; name = Release; };
		G00000000000000000000003 = {isa = XCBuildConfiguration; buildSettings = {ARCHS = arm64; CODE_SIGN_STYLE = Automatic; COMBINE_HIDPI_IMAGES = YES; CURRENT_PROJECT_VERSION = 1; ENABLE_HARDENED_RUNTIME = YES; ENABLE_PREVIEWS = YES; ENABLE_TESTABILITY = YES; GENERATE_INFOPLIST_FILE = YES; INFOPLIST_KEY_LSApplicationCategoryType = "public.app-category.finance"; INFOPLIST_KEY_LSUIElement = YES; MACOSX_DEPLOYMENT_TARGET = 14.0; MARKETING_VERSION = 0.1.0; ONLY_ACTIVE_ARCH = YES; PRODUCT_BUNDLE_IDENTIFIER = com.openibkr.OpenIBKR; PRODUCT_NAME = "$(TARGET_NAME)"; SWIFT_EMIT_LOC_STRINGS = YES; SWIFT_VERSION = 5.0; }; name = Debug; };
		G00000000000000000000004 = {isa = XCBuildConfiguration; buildSettings = {ARCHS = arm64; CODE_SIGN_STYLE = Automatic; COMBINE_HIDPI_IMAGES = YES; CURRENT_PROJECT_VERSION = 1; ENABLE_HARDENED_RUNTIME = YES; GENERATE_INFOPLIST_FILE = YES; INFOPLIST_KEY_LSApplicationCategoryType = "public.app-category.finance"; INFOPLIST_KEY_LSUIElement = YES; MACOSX_DEPLOYMENT_TARGET = 14.0; MARKETING_VERSION = 0.1.0; ONLY_ACTIVE_ARCH = YES; PRODUCT_BUNDLE_IDENTIFIER = com.openibkr.OpenIBKR; PRODUCT_NAME = "$(TARGET_NAME)"; SWIFT_COMPILATION_MODE = wholemodule; SWIFT_VERSION = 5.0; }; name = Release; };
		G00000000000000000000005 = {isa = XCBuildConfiguration; buildSettings = {ARCHS = arm64; BUNDLE_LOADER = "$(TEST_HOST)"; CODE_SIGN_STYLE = Automatic; GENERATE_INFOPLIST_FILE = YES; MACOSX_DEPLOYMENT_TARGET = 14.0; ONLY_ACTIVE_ARCH = YES; PRODUCT_BUNDLE_IDENTIFIER = com.openibkr.OpenIBKRTests; PRODUCT_NAME = "$(TARGET_NAME)"; SWIFT_VERSION = 5.0; TEST_HOST = "$(BUILT_PRODUCTS_DIR)/OpenIBKR.app/Contents/MacOS/OpenIBKR"; }; name = Debug; };
		G00000000000000000000006 = {isa = XCBuildConfiguration; buildSettings = {ARCHS = arm64; BUNDLE_LOADER = "$(TEST_HOST)"; CODE_SIGN_STYLE = Automatic; GENERATE_INFOPLIST_FILE = YES; MACOSX_DEPLOYMENT_TARGET = 14.0; ONLY_ACTIVE_ARCH = YES; PRODUCT_BUNDLE_IDENTIFIER = com.openibkr.OpenIBKRTests; PRODUCT_NAME = "$(TARGET_NAME)"; SWIFT_VERSION = 5.0; TEST_HOST = "$(BUILT_PRODUCTS_DIR)/OpenIBKR.app/Contents/MacOS/OpenIBKR"; }; name = Release; };
		H00000000000000000000001 = {isa = XCConfigurationList; buildConfigurations = (G00000000000000000000001, G00000000000000000000002); defaultConfigurationIsVisible = 0; defaultConfigurationName = Release; };
		H00000000000000000000002 = {isa = XCConfigurationList; buildConfigurations = (G00000000000000000000003, G00000000000000000000004); defaultConfigurationIsVisible = 0; defaultConfigurationName = Release; };
		H00000000000000000000003 = {isa = XCConfigurationList; buildConfigurations = (G00000000000000000000005, G00000000000000000000006); defaultConfigurationIsVisible = 0; defaultConfigurationName = Release; };
		I00000000000000000000001 = {isa = PBXContainerItemProxy; containerPortal = F00000000000000000000001; proxyType = 1; remoteGlobalIDString = E00000000000000000000001; remoteInfo = OpenIBKR; };
		J00000000000000000000001 = {isa = PBXTargetDependency; target = E00000000000000000000001; targetProxy = I00000000000000000000001; };
	};
	rootObject = F00000000000000000000001;
}
